// !$*UTF8*$!
{
	archiveVersion = 1;
	classes = {
	};
	objectVersion = 46;
	objects = {

/* Begin PBXBuildFile section */
		290FA72F1CDF40E19A0E8204 /* Pods_Unilot.framework in Frameworks */ = {isa = PBXBuildFile; fileRef = CBC0194290D8904822A4787C /* Pods_Unilot.framework */; };
		D60884B51F74325A00611E35 /* CountDownTime.swift in Sources */ = {isa = PBXBuildFile; fileRef = D60884B41F74325A00611E35 /* CountDownTime.swift */; };
		D62A31751F7AC10300275B86 /* SWRevealViewController.m in Sources */ = {isa = PBXBuildFile; fileRef = D62A31741F7AC10300275B86 /* SWRevealViewController.m */; };
		D62A31771F7AC86900275B86 /* TabBarController.swift in Sources */ = {isa = PBXBuildFile; fileRef = D62A31761F7AC86900275B86 /* TabBarController.swift */; };
		D69364C41F5F254400FD0D37 /* AppDelegate.swift in Sources */ = {isa = PBXBuildFile; fileRef = D69364C31F5F254400FD0D37 /* AppDelegate.swift */; };
		D69364C61F5F254400FD0D37 /* FirstViewController.swift in Sources */ = {isa = PBXBuildFile; fileRef = D69364C51F5F254400FD0D37 /* FirstViewController.swift */; };
		D69364C81F5F254400FD0D37 /* SecondViewController.swift in Sources */ = {isa = PBXBuildFile; fileRef = D69364C71F5F254400FD0D37 /* SecondViewController.swift */; };
		D69364CB1F5F254400FD0D37 /* Main.storyboard in Resources */ = {isa = PBXBuildFile; fileRef = D69364C91F5F254400FD0D37 /* Main.storyboard */; };
		D69364CD1F5F254400FD0D37 /* Assets.xcassets in Resources */ = {isa = PBXBuildFile; fileRef = D69364CC1F5F254400FD0D37 /* Assets.xcassets */; };
		D69364D01F5F254400FD0D37 /* LaunchScreen.storyboard in Resources */ = {isa = PBXBuildFile; fileRef = D69364CE1F5F254400FD0D37 /* LaunchScreen.storyboard */; };
		D69364D91F5F328D00FD0D37 /* FlippingLabel.swift in Sources */ = {isa = PBXBuildFile; fileRef = D69364D71F5F328D00FD0D37 /* FlippingLabel.swift */; };
		D69364DA1F5F328D00FD0D37 /* MainView.swift in Sources */ = {isa = PBXBuildFile; fileRef = D69364D81F5F328D00FD0D37 /* MainView.swift */; };
		D6BDD9031F7AD1DB00E91FD0 /* Constants.swift in Sources */ = {isa = PBXBuildFile; fileRef = D6BDD9021F7AD1DB00E91FD0 /* Constants.swift */; };
		D6BDD9051F7AD1F200E91FD0 /* Extensions.swift in Sources */ = {isa = PBXBuildFile; fileRef = D6BDD9041F7AD1F200E91FD0 /* Extensions.swift */; };
		D6BDD9081F7AF23400E91FD0 /* CountDownCore.swift in Sources */ = {isa = PBXBuildFile; fileRef = D6BDD9071F7AF23400E91FD0 /* CountDownCore.swift */; };
		D6BDD90A1F7AF56500E91FD0 /* CountUppMoney.swift in Sources */ = {isa = PBXBuildFile; fileRef = D6BDD9091F7AF56500E91FD0 /* CountUppMoney.swift */; };
		D6BDD90C1F7B07A700E91FD0 /* CountDownSimpleTime.swift in Sources */ = {isa = PBXBuildFile; fileRef = D6BDD90B1F7B07A700E91FD0 /* CountDownSimpleTime.swift */; };
/* End PBXBuildFile section */

/* Begin PBXFileReference section */
		61239D8B0908489D3E371489 /* Pods-Unilot.release.xcconfig */ = {isa = PBXFileReference; includeInIndex = 1; lastKnownFileType = text.xcconfig; name = "Pods-Unilot.release.xcconfig"; path = "Pods/Target Support Files/Pods-Unilot/Pods-Unilot.release.xcconfig"; sourceTree = "<group>"; };
		CBC0194290D8904822A4787C /* Pods_Unilot.framework */ = {isa = PBXFileReference; explicitFileType = wrapper.framework; includeInIndex = 0; path = Pods_Unilot.framework; sourceTree = BUILT_PRODUCTS_DIR; };
		D60884B41F74325A00611E35 /* CountDownTime.swift */ = {isa = PBXFileReference; fileEncoding = 4; lastKnownFileType = sourcecode.swift; path = CountDownTime.swift; sourceTree = "<group>"; };
		D62A31701F7AC06E00275B86 /* Bridging-Header.h */ = {isa = PBXFileReference; fileEncoding = 4; lastKnownFileType = sourcecode.c.h; name = "Bridging-Header.h"; path = "Settings/Bridging-Header.h"; sourceTree = "<group>"; };
		D62A31731F7AC10300275B86 /* SWRevealViewController.h */ = {isa = PBXFileReference; fileEncoding = 4; lastKnownFileType = sourcecode.c.h; path = SWRevealViewController.h; sourceTree = "<group>"; };
		D62A31741F7AC10300275B86 /* SWRevealViewController.m */ = {isa = PBXFileReference; fileEncoding = 4; lastKnownFileType = sourcecode.c.objc; path = SWRevealViewController.m; sourceTree = "<group>"; };
		D62A31761F7AC86900275B86 /* TabBarController.swift */ = {isa = PBXFileReference; fileEncoding = 4; lastKnownFileType = sourcecode.swift; path = TabBarController.swift; sourceTree = "<group>"; };
		D69364C01F5F254400FD0D37 /* Unilot.app */ = {isa = PBXFileReference; explicitFileType = wrapper.application; includeInIndex = 0; path = Unilot.app; sourceTree = BUILT_PRODUCTS_DIR; };
		D69364C31F5F254400FD0D37 /* AppDelegate.swift */ = {isa = PBXFileReference; lastKnownFileType = sourcecode.swift; path = AppDelegate.swift; sourceTree = "<group>"; };
		D69364C51F5F254400FD0D37 /* FirstViewController.swift */ = {isa = PBXFileReference; lastKnownFileType = sourcecode.swift; path = FirstViewController.swift; sourceTree = "<group>"; };
		D69364C71F5F254400FD0D37 /* SecondViewController.swift */ = {isa = PBXFileReference; lastKnownFileType = sourcecode.swift; path = SecondViewController.swift; sourceTree = "<group>"; };
		D69364CA1F5F254400FD0D37 /* Base */ = {isa = PBXFileReference; lastKnownFileType = file.storyboard; name = Base; path = Base.lproj/Main.storyboard; sourceTree = "<group>"; };
		D69364CC1F5F254400FD0D37 /* Assets.xcassets */ = {isa = PBXFileReference; lastKnownFileType = folder.assetcatalog; path = Assets.xcassets; sourceTree = "<group>"; };
		D69364CF1F5F254400FD0D37 /* Base */ = {isa = PBXFileReference; lastKnownFileType = file.storyboard; name = Base; path = Base.lproj/LaunchScreen.storyboard; sourceTree = "<group>"; };
		D69364D11F5F254400FD0D37 /* Info.plist */ = {isa = PBXFileReference; lastKnownFileType = text.plist.xml; path = Info.plist; sourceTree = "<group>"; };
		D69364D71F5F328D00FD0D37 /* FlippingLabel.swift */ = {isa = PBXFileReference; fileEncoding = 4; lastKnownFileType = sourcecode.swift; path = FlippingLabel.swift; sourceTree = "<group>"; };
		D69364D81F5F328D00FD0D37 /* MainView.swift */ = {isa = PBXFileReference; fileEncoding = 4; lastKnownFileType = sourcecode.swift; path = MainView.swift; sourceTree = "<group>"; };
		D6BDD9021F7AD1DB00E91FD0 /* Constants.swift */ = {isa = PBXFileReference; fileEncoding = 4; lastKnownFileType = sourcecode.swift; path = Constants.swift; sourceTree = "<group>"; };
		D6BDD9041F7AD1F200E91FD0 /* Extensions.swift */ = {isa = PBXFileReference; fileEncoding = 4; lastKnownFileType = sourcecode.swift; path = Extensions.swift; sourceTree = "<group>"; };
		D6BDD9071F7AF23400E91FD0 /* CountDownCore.swift */ = {isa = PBXFileReference; fileEncoding = 4; lastKnownFileType = sourcecode.swift; path = CountDownCore.swift; sourceTree = "<group>"; };
		D6BDD9091F7AF56500E91FD0 /* CountUppMoney.swift */ = {isa = PBXFileReference; fileEncoding = 4; lastKnownFileType = sourcecode.swift; path = CountUppMoney.swift; sourceTree = "<group>"; };
		D6BDD90B1F7B07A700E91FD0 /* CountDownSimpleTime.swift */ = {isa = PBXFileReference; fileEncoding = 4; lastKnownFileType = sourcecode.swift; path = CountDownSimpleTime.swift; sourceTree = "<group>"; };
		F775BF0A9782A06721E4E9B3 /* Pods-Unilot.debug.xcconfig */ = {isa = PBXFileReference; includeInIndex = 1; lastKnownFileType = text.xcconfig; name = "Pods-Unilot.debug.xcconfig"; path = "Pods/Target Support Files/Pods-Unilot/Pods-Unilot.debug.xcconfig"; sourceTree = "<group>"; };
/* End PBXFileReference section */

/* Begin PBXFrameworksBuildPhase section */
		D69364BD1F5F254400FD0D37 /* Frameworks */ = {
			isa = PBXFrameworksBuildPhase;
			buildActionMask = 2147483647;
			files = (
				290FA72F1CDF40E19A0E8204 /* Pods_Unilot.framework in Frameworks */,
			);
			runOnlyForDeploymentPostprocessing = 0;
		};
/* End PBXFrameworksBuildPhase section */

/* Begin PBXGroup section */
		336C009D07D6695BEE800AA7 /* Frameworks */ = {
			isa = PBXGroup;
			children = (
				CBC0194290D8904822A4787C /* Pods_Unilot.framework */,
			);
			name = Frameworks;
			sourceTree = "<group>";
		};
		618755CDCD35E9229FC443C6 /* Pods */ = {
			isa = PBXGroup;
			children = (
				F775BF0A9782A06721E4E9B3 /* Pods-Unilot.debug.xcconfig */,
				61239D8B0908489D3E371489 /* Pods-Unilot.release.xcconfig */,
			);
			name = Pods;
			sourceTree = "<group>";
		};
		D62A316D1F7AC01D00275B86 /* Code */ = {
			isa = PBXGroup;
			children = (
				D6BDD9021F7AD1DB00E91FD0 /* Constants.swift */,
				D69364C31F5F254400FD0D37 /* AppDelegate.swift */,
				D6BDD9041F7AD1F200E91FD0 /* Extensions.swift */,
				D69364C51F5F254400FD0D37 /* FirstViewController.swift */,
				D69364C71F5F254400FD0D37 /* SecondViewController.swift */,
				D6BDD9061F7AF22300E91FD0 /* CountDown */,
				D69364D81F5F328D00FD0D37 /* MainView.swift */,
				D62A31761F7AC86900275B86 /* TabBarController.swift */,
			);
			name = Code;
			sourceTree = "<group>";
		};
		D62A316E1F7AC02800275B86 /* StoryBoard */ = {
			isa = PBXGroup;
			children = (
				D69364C91F5F254400FD0D37 /* Main.storyboard */,
				D69364CE1F5F254400FD0D37 /* LaunchScreen.storyboard */,
			);
			name = StoryBoard;
			sourceTree = "<group>";
		};
		D62A316F1F7AC03D00275B86 /* Settings */ = {
			isa = PBXGroup;
			children = (
				D62A31701F7AC06E00275B86 /* Bridging-Header.h */,
				D69364D11F5F254400FD0D37 /* Info.plist */,
			);
			name = Settings;
			sourceTree = "<group>";
		};
		D62A31711F7AC10300275B86 /* Frameworks */ = {
			isa = PBXGroup;
			children = (
				D62A31721F7AC10300275B86 /* SideBarMenu */,
			);
			path = Frameworks;
			sourceTree = "<group>";
		};
		D62A31721F7AC10300275B86 /* SideBarMenu */ = {
			isa = PBXGroup;
			children = (
				D62A31731F7AC10300275B86 /* SWRevealViewController.h */,
				D62A31741F7AC10300275B86 /* SWRevealViewController.m */,
			);
			path = SideBarMenu;
			sourceTree = "<group>";
		};
		D69364B71F5F254400FD0D37 = {
			isa = PBXGroup;
			children = (
				D69364C21F5F254400FD0D37 /* Unilot */,
				D69364C11F5F254400FD0D37 /* Products */,
				618755CDCD35E9229FC443C6 /* Pods */,
				336C009D07D6695BEE800AA7 /* Frameworks */,
			);
			sourceTree = "<group>";
		};
		D69364C11F5F254400FD0D37 /* Products */ = {
			isa = PBXGroup;
			children = (
				D69364C01F5F254400FD0D37 /* Unilot.app */,
			);
			name = Products;
			sourceTree = "<group>";
		};
		D69364C21F5F254400FD0D37 /* Unilot */ = {
			isa = PBXGroup;
			children = (
				D62A316E1F7AC02800275B86 /* StoryBoard */,
				D62A316D1F7AC01D00275B86 /* Code */,
				D69364CC1F5F254400FD0D37 /* Assets.xcassets */,
				D62A31711F7AC10300275B86 /* Frameworks */,
				D62A316F1F7AC03D00275B86 /* Settings */,
			);
			path = Unilot;
			sourceTree = "<group>";
		};
		D6BDD9061F7AF22300E91FD0 /* CountDown */ = {
			isa = PBXGroup;
			children = (
				D69364D71F5F328D00FD0D37 /* FlippingLabel.swift */,
				D60884B41F74325A00611E35 /* CountDownTime.swift */,
				D6BDD9091F7AF56500E91FD0 /* CountUppMoney.swift */,
				D6BDD9071F7AF23400E91FD0 /* CountDownCore.swift */,
				D6BDD90B1F7B07A700E91FD0 /* CountDownSimpleTime.swift */,
			);
			name = CountDown;
			sourceTree = "<group>";
		};
/* End PBXGroup section */

/* Begin PBXNativeTarget section */
		D69364BF1F5F254400FD0D37 /* Unilot */ = {
			isa = PBXNativeTarget;
			buildConfigurationList = D69364D41F5F254400FD0D37 /* Build configuration list for PBXNativeTarget "Unilot" */;
			buildPhases = (
				97CA566C6EB24BE893947E72 /* [CP] Check Pods Manifest.lock */,
				D69364BC1F5F254400FD0D37 /* Sources */,
				D69364BD1F5F254400FD0D37 /* Frameworks */,
				D69364BE1F5F254400FD0D37 /* Resources */,
				D9DDEC89A3E92EDC3B8187DE /* [CP] Embed Pods Frameworks */,
				2060048B3D440DCC4BB1BCAC /* [CP] Copy Pods Resources */,
			);
			buildRules = (
			);
			dependencies = (
			);
			name = Unilot;
			productName = Unilot;
			productReference = D69364C01F5F254400FD0D37 /* Unilot.app */;
			productType = "com.apple.product-type.application";
		};
/* End PBXNativeTarget section */

/* Begin PBXProject section */
		D69364B81F5F254400FD0D37 /* Project object */ = {
			isa = PBXProject;
			attributes = {
				LastSwiftUpdateCheck = 0830;
				LastUpgradeCheck = 0830;
				ORGANIZATIONNAME = Vovasoft;
				TargetAttributes = {
					D69364BF1F5F254400FD0D37 = {
						CreatedOnToolsVersion = 8.3.3;
						DevelopmentTeam = VLZN2JPGN9;
						ProvisioningStyle = Automatic;
					};
				};
			};
			buildConfigurationList = D69364BB1F5F254400FD0D37 /* Build configuration list for PBXProject "Unilot" */;
			compatibilityVersion = "Xcode 3.2";
			developmentRegion = English;
			hasScannedForEncodings = 0;
			knownRegions = (
				en,
				Base,
			);
			mainGroup = D69364B71F5F254400FD0D37;
			productRefGroup = D69364C11F5F254400FD0D37 /* Products */;
			projectDirPath = "";
			projectRoot = "";
			targets = (
				D69364BF1F5F254400FD0D37 /* Unilot */,
			);
		};
/* End PBXProject section */

/* Begin PBXResourcesBuildPhase section */
		D69364BE1F5F254400FD0D37 /* Resources */ = {
			isa = PBXResourcesBuildPhase;
			buildActionMask = 2147483647;
			files = (
				D69364D01F5F254400FD0D37 /* LaunchScreen.storyboard in Resources */,
				D69364CD1F5F254400FD0D37 /* Assets.xcassets in Resources */,
				D69364CB1F5F254400FD0D37 /* Main.storyboard in Resources */,
			);
			runOnlyForDeploymentPostprocessing = 0;
		};
/* End PBXResourcesBuildPhase section */

/* Begin PBXShellScriptBuildPhase section */
		2060048B3D440DCC4BB1BCAC /* [CP] Copy Pods Resources */ = {
			isa = PBXShellScriptBuildPhase;
			buildActionMask = 2147483647;
			files = (
			);
			inputPaths = (
			);
			name = "[CP] Copy Pods Resources";
			outputPaths = (
			);
			runOnlyForDeploymentPostprocessing = 0;
			shellPath = /bin/sh;
			shellScript = "\"${SRCROOT}/Pods/Target Support Files/Pods-Unilot/Pods-Unilot-resources.sh\"\n";
			showEnvVarsInLog = 0;
		};
		97CA566C6EB24BE893947E72 /* [CP] Check Pods Manifest.lock */ = {
			isa = PBXShellScriptBuildPhase;
			buildActionMask = 2147483647;
			files = (
			);
			inputPaths = (
				"${PODS_PODFILE_DIR_PATH}/Podfile.lock",
				"${PODS_ROOT}/Manifest.lock",
			);
			name = "[CP] Check Pods Manifest.lock";
			outputPaths = (
				"$(DERIVED_FILE_DIR)/Pods-Unilot-checkManifestLockResult.txt",
			);
			runOnlyForDeploymentPostprocessing = 0;
			shellPath = /bin/sh;
			shellScript = "diff \"${PODS_PODFILE_DIR_PATH}/Podfile.lock\" \"${PODS_ROOT}/Manifest.lock\" > /dev/null\nif [ $? != 0 ] ; then\n    # print error to STDERR\n    echo \"error: The sandbox is not in sync with the Podfile.lock. Run 'pod install' or update your CocoaPods installation.\" >&2\n    exit 1\nfi\n# This output is used by Xcode 'outputs' to avoid re-running this script phase.\necho \"SUCCESS\" > \"${SCRIPT_OUTPUT_FILE_0}\"\n";
			showEnvVarsInLog = 0;
		};
		D9DDEC89A3E92EDC3B8187DE /* [CP] Embed Pods Frameworks */ = {
			isa = PBXShellScriptBuildPhase;
			buildActionMask = 2147483647;
			files = (
			);
			inputPaths = (
				"${SRCROOT}/Pods/Target Support Files/Pods-Unilot/Pods-Unilot-frameworks.sh",
				"${BUILT_PRODUCTS_DIR}/Alamofire/Alamofire.framework",
			);
			name = "[CP] Embed Pods Frameworks";
			outputPaths = (
				"${TARGET_BUILD_DIR}/${FRAMEWORKS_FOLDER_PATH}/Alamofire.framework",
			);
			runOnlyForDeploymentPostprocessing = 0;
			shellPath = /bin/sh;
			shellScript = "\"${SRCROOT}/Pods/Target Support Files/Pods-Unilot/Pods-Unilot-frameworks.sh\"\n";
			showEnvVarsInLog = 0;
		};
/* End PBXShellScriptBuildPhase section */

/* Begin PBXSourcesBuildPhase section */
		D69364BC1F5F254400FD0D37 /* Sources */ = {
			isa = PBXSourcesBuildPhase;
			buildActionMask = 2147483647;
			files = (
				D62A31751F7AC10300275B86 /* SWRevealViewController.m in Sources */,
				D62A31771F7AC86900275B86 /* TabBarController.swift in Sources */,
				D6BDD9081F7AF23400E91FD0 /* CountDownCore.swift in Sources */,
				D69364C81F5F254400FD0D37 /* SecondViewController.swift in Sources */,
				D69364C41F5F254400FD0D37 /* AppDelegate.swift in Sources */,
				D69364C61F5F254400FD0D37 /* FirstViewController.swift in Sources */,
				D6BDD9051F7AD1F200E91FD0 /* Extensions.swift in Sources */,
				D6BDD90C1F7B07A700E91FD0 /* CountDownSimpleTime.swift in Sources */,
				D60884B51F74325A00611E35 /* CountDownTime.swift in Sources */,
				D6BDD90A1F7AF56500E91FD0 /* CountUppMoney.swift in Sources */,
				D69364DA1F5F328D00FD0D37 /* MainView.swift in Sources */,
				D69364D91F5F328D00FD0D37 /* FlippingLabel.swift in Sources */,
				D6BDD9031F7AD1DB00E91FD0 /* Constants.swift in Sources */,
			);
			runOnlyForDeploymentPostprocessing = 0;
		};
/* End PBXSourcesBuildPhase section */

/* Begin PBXVariantGroup section */
		D69364C91F5F254400FD0D37 /* Main.storyboard */ = {
			isa = PBXVariantGroup;
			children = (
				D69364CA1F5F254400FD0D37 /* Base */,
			);
			name = Main.storyboard;
			sourceTree = "<group>";
		};
		D69364CE1F5F254400FD0D37 /* LaunchScreen.storyboard */ = {
			isa = PBXVariantGroup;
			children = (
				D69364CF1F5F254400FD0D37 /* Base */,
			);
			name = LaunchScreen.storyboard;
			sourceTree = "<group>";
		};
/* End PBXVariantGroup section */

/* Begin XCBuildConfiguration section */
		D69364D21F5F254400FD0D37 /* Debug */ = {
			isa = XCBuildConfiguration;
			buildSettings = {
				ALWAYS_SEARCH_USER_PATHS = NO;
				CLANG_ANALYZER_NONNULL = YES;
				CLANG_ANALYZER_NUMBER_OBJECT_CONVERSION = YES_AGGRESSIVE;
				CLANG_CXX_LANGUAGE_STANDARD = "gnu++0x";
				CLANG_CXX_LIBRARY = "libc++";
				CLANG_ENABLE_MODULES = YES;
				CLANG_ENABLE_OBJC_ARC = YES;
				CLANG_WARN_BOOL_CONVERSION = YES;
				CLANG_WARN_CONSTANT_CONVERSION = YES;
				CLANG_WARN_DIRECT_OBJC_ISA_USAGE = YES_ERROR;
				CLANG_WARN_DOCUMENTATION_COMMENTS = YES;
				CLANG_WARN_EMPTY_BODY = YES;
				CLANG_WARN_ENUM_CONVERSION = YES;
				CLANG_WARN_INFINITE_RECURSION = YES;
				CLANG_WARN_INT_CONVERSION = YES;
				CLANG_WARN_OBJC_ROOT_CLASS = YES_ERROR;
				CLANG_WARN_SUSPICIOUS_MOVE = YES;
				CLANG_WARN_UNREACHABLE_CODE = YES;
				CLANG_WARN__DUPLICATE_METHOD_MATCH = YES;
				"CODE_SIGN_IDENTITY[sdk=iphoneos*]" = "iPhone Developer";
				COPY_PHASE_STRIP = NO;
				DEBUG_INFORMATION_FORMAT = dwarf;
				ENABLE_STRICT_OBJC_MSGSEND = YES;
				ENABLE_TESTABILITY = YES;
				GCC_C_LANGUAGE_STANDARD = gnu99;
				GCC_DYNAMIC_NO_PIC = NO;
				GCC_NO_COMMON_BLOCKS = YES;
				GCC_OPTIMIZATION_LEVEL = 0;
				GCC_PREPROCESSOR_DEFINITIONS = (
					"DEBUG=1",
					"$(inherited)",
				);
				GCC_WARN_64_TO_32_BIT_CONVERSION = YES;
				GCC_WARN_ABOUT_RETURN_TYPE = YES_ERROR;
				GCC_WARN_UNDECLARED_SELECTOR = YES;
				GCC_WARN_UNINITIALIZED_AUTOS = YES_AGGRESSIVE;
				GCC_WARN_UNUSED_FUNCTION = YES;
				GCC_WARN_UNUSED_VARIABLE = YES;
				IPHONEOS_DEPLOYMENT_TARGET = 9.3;
				MTL_ENABLE_DEBUG_INFO = YES;
				ONLY_ACTIVE_ARCH = YES;
				SDKROOT = iphoneos;
				SWIFT_ACTIVE_COMPILATION_CONDITIONS = DEBUG;
				SWIFT_OPTIMIZATION_LEVEL = "-Onone";
				TARGETED_DEVICE_FAMILY = "1,2";
			};
			name = Debug;
		};
		D69364D31F5F254400FD0D37 /* Release */ = {
			isa = XCBuildConfiguration;
			buildSettings = {
				ALWAYS_SEARCH_USER_PATHS = NO;
				CLANG_ANALYZER_NONNULL = YES;
				CLANG_ANALYZER_NUMBER_OBJECT_CONVERSION = YES_AGGRESSIVE;
				CLANG_CXX_LANGUAGE_STANDARD = "gnu++0x";
				CLANG_CXX_LIBRARY = "libc++";
				CLANG_ENABLE_MODULES = YES;
				CLANG_ENABLE_OBJC_ARC = YES;
				CLANG_WARN_BOOL_CONVERSION = YES;
				CLANG_WARN_CONSTANT_CONVERSION = YES;
				CLANG_WARN_DIRECT_OBJC_ISA_USAGE = YES_ERROR;
				CLANG_WARN_DOCUMENTATION_COMMENTS = YES;
				CLANG_WARN_EMPTY_BODY = YES;
				CLANG_WARN_ENUM_CONVERSION = YES;
				CLANG_WARN_INFINITE_RECURSION = YES;
				CLANG_WARN_INT_CONVERSION = YES;
				CLANG_WARN_OBJC_ROOT_CLASS = YES_ERROR;
				CLANG_WARN_SUSPICIOUS_MOVE = YES;
				CLANG_WARN_UNREACHABLE_CODE = YES;
				CLANG_WARN__DUPLICATE_METHOD_MATCH = YES;
				"CODE_SIGN_IDENTITY[sdk=iphoneos*]" = "iPhone Developer";
				COPY_PHASE_STRIP = NO;
				DEBUG_INFORMATION_FORMAT = "dwarf-with-dsym";
				ENABLE_NS_ASSERTIONS = NO;
				ENABLE_STRICT_OBJC_MSGSEND = YES;
				GCC_C_LANGUAGE_STANDARD = gnu99;
				GCC_NO_COMMON_BLOCKS = YES;
				GCC_WARN_64_TO_32_BIT_CONVERSION = YES;
				GCC_WARN_ABOUT_RETURN_TYPE = YES_ERROR;
				GCC_WARN_UNDECLARED_SELECTOR = YES;
				GCC_WARN_UNINITIALIZED_AUTOS = YES_AGGRESSIVE;
				GCC_WARN_UNUSED_FUNCTION = YES;
				GCC_WARN_UNUSED_VARIABLE = YES;
				IPHONEOS_DEPLOYMENT_TARGET = 9.3;
				MTL_ENABLE_DEBUG_INFO = NO;
				SDKROOT = iphoneos;
				SWIFT_OPTIMIZATION_LEVEL = "-Owholemodule";
				TARGETED_DEVICE_FAMILY = "1,2";
				VALIDATE_PRODUCT = YES;
			};
			name = Release;
		};
		D69364D51F5F254400FD0D37 /* Debug */ = {
			isa = XCBuildConfiguration;
			baseConfigurationReference = F775BF0A9782A06721E4E9B3 /* Pods-Unilot.debug.xcconfig */;
			buildSettings = {
				ASSETCATALOG_COMPILER_APPICON_NAME = AppIcon;
				DEVELOPMENT_TEAM = VLZN2JPGN9;
				INFOPLIST_FILE = Unilot/Info.plist;
				LD_RUNPATH_SEARCH_PATHS = "$(inherited) @executable_path/Frameworks";
				PRODUCT_BUNDLE_IDENTIFIER = com.vovasoft.Unilot;
				PRODUCT_NAME = "$(TARGET_NAME)";
				SWIFT_OBJC_BRIDGING_HEADER = "Unilot/Settings/Bridging-Header.h";
				SWIFT_VERSION = 3.0;
			};
			name = Debug;
		};
		D69364D61F5F254400FD0D37 /* Release */ = {
			isa = XCBuildConfiguration;
			baseConfigurationReference = 61239D8B0908489D3E371489 /* Pods-Unilot.release.xcconfig */;
			buildSettings = {
				ASSETCATALOG_COMPILER_APPICON_NAME = AppIcon;
				DEVELOPMENT_TEAM = VLZN2JPGN9;
				INFOPLIST_FILE = Unilot/Info.plist;
				LD_RUNPATH_SEARCH_PATHS = "$(inherited) @executable_path/Frameworks";
				PRODUCT_BUNDLE_IDENTIFIER = com.vovasoft.Unilot;
				PRODUCT_NAME = "$(TARGET_NAME)";
				SWIFT_OBJC_BRIDGING_HEADER = "Unilot/Settings/Bridging-Header.h";
				SWIFT_VERSION = 3.0;
			};
			name = Release;
		};
/* End XCBuildConfiguration section */

/* Begin XCConfigurationList section */
		D69364BB1F5F254400FD0D37 /* Build configuration list for PBXProject "Unilot" */ = {
			isa = XCConfigurationList;
			buildConfigurations = (
				D69364D21F5F254400FD0D37 /* Debug */,
				D69364D31F5F254400FD0D37 /* Release */,
			);
			defaultConfigurationIsVisible = 0;
			defaultConfigurationName = Release;
		};
		D69364D41F5F254400FD0D37 /* Build configuration list for PBXNativeTarget "Unilot" */ = {
			isa = XCConfigurationList;
			buildConfigurations = (
				D69364D51F5F254400FD0D37 /* Debug */,
				D69364D61F5F254400FD0D37 /* Release */,
			);
			defaultConfigurationIsVisible = 0;
			defaultConfigurationName = Release;
		};
/* End XCConfigurationList section */
	};
	rootObject = D69364B81F5F254400FD0D37 /* Project object */;
}
